// !$*UTF8*$!
{
	archiveVersion = 1;
	classes = {
	};
	objectVersion = 46;
	objects = {

/* Begin PBXBuildFile section */
		18B687F71E31F8420090579B /* main.m in Sources */ = {isa = PBXBuildFile; fileRef = 18B687F61E31F8420090579B /* main.m */; };
		18B687FA1E31F8420090579B /* AppDelegate.m in Sources */ = {isa = PBXBuildFile; fileRef = 18B687F91E31F8420090579B /* AppDelegate.m */; };
		18B687FD1E31F8430090579B /* ViewController.m in Sources */ = {isa = PBXBuildFile; fileRef = 18B687FC1E31F8430090579B /* ViewController.m */; };
		18B688001E31F8430090579B /* Main.storyboard in Resources */ = {isa = PBXBuildFile; fileRef = 18B687FE1E31F8430090579B /* Main.storyboard */; };
		18B688021E31F8430090579B /* Assets.xcassets in Resources */ = {isa = PBXBuildFile; fileRef = 18B688011E31F8430090579B /* Assets.xcassets */; };
		18B688051E31F8430090579B /* LaunchScreen.storyboard in Resources */ = {isa = PBXBuildFile; fileRef = 18B688031E31F8430090579B /* LaunchScreen.storyboard */; };
		18B688101E31F8430090579B /* JKXMLParserTests.m in Sources */ = {isa = PBXBuildFile; fileRef = 18B6880F1E31F8430090579B /* JKXMLParserTests.m */; };
		18B6881B1E31F8430090579B /* JKXMLParserUITests.m in Sources */ = {isa = PBXBuildFile; fileRef = 18B6881A1E31F8430090579B /* JKXMLParserUITests.m */; };
		18B688461E31F8880090579B /* area_data.xml in Resources */ = {isa = PBXBuildFile; fileRef = 18B688291E31F8880090579B /* area_data.xml */; };
		18B688471E31F8880090579B /* JKAddressList.m in Sources */ = {isa = PBXBuildFile; fileRef = 18B6882B1E31F8880090579B /* JKAddressList.m */; };
		18B688481E31F8880090579B /* JKAddressPickerView.m in Sources */ = {isa = PBXBuildFile; fileRef = 18B6882D1E31F8880090579B /* JKAddressPickerView.m */; };
		18B688491E31F8880090579B /* JKAnalyzingXml.m in Sources */ = {isa = PBXBuildFile; fileRef = 18B6882F1E31F8880090579B /* JKAnalyzingXml.m */; };
		18B6884A1E31F8880090579B /* MJExtensionConst.m in Sources */ = {isa = PBXBuildFile; fileRef = 18B688331E31F8880090579B /* MJExtensionConst.m */; };
		18B6884B1E31F8880090579B /* MJFoundation.m in Sources */ = {isa = PBXBuildFile; fileRef = 18B688351E31F8880090579B /* MJFoundation.m */; };
		18B6884C1E31F8880090579B /* MJProperty.m in Sources */ = {isa = PBXBuildFile; fileRef = 18B688371E31F8880090579B /* MJProperty.m */; };
		18B6884D1E31F8880090579B /* MJPropertyKey.m in Sources */ = {isa = PBXBuildFile; fileRef = 18B688391E31F8880090579B /* MJPropertyKey.m */; };
		18B6884E1E31F8880090579B /* MJPropertyType.m in Sources */ = {isa = PBXBuildFile; fileRef = 18B6883B1E31F8880090579B /* MJPropertyType.m */; };
		18B6884F1E31F8880090579B /* NSObject+MJClass.m in Sources */ = {isa = PBXBuildFile; fileRef = 18B6883D1E31F8880090579B /* NSObject+MJClass.m */; };
		18B688501E31F8880090579B /* NSObject+MJCoding.m in Sources */ = {isa = PBXBuildFile; fileRef = 18B6883F1E31F8880090579B /* NSObject+MJCoding.m */; };
		18B688511E31F8880090579B /* NSObject+MJKeyValue.m in Sources */ = {isa = PBXBuildFile; fileRef = 18B688411E31F8880090579B /* NSObject+MJKeyValue.m */; };
		18B688521E31F8880090579B /* NSObject+MJProperty.m in Sources */ = {isa = PBXBuildFile; fileRef = 18B688431E31F8880090579B /* NSObject+MJProperty.m */; };
		18B688531E31F8880090579B /* NSString+MJExtension.m in Sources */ = {isa = PBXBuildFile; fileRef = 18B688451E31F8880090579B /* NSString+MJExtension.m */; };
/* End PBXBuildFile section */

/* Begin PBXContainerItemProxy section */
		18B6880C1E31F8430090579B /* PBXContainerItemProxy */ = {
			isa = PBXContainerItemProxy;
			containerPortal = 18B687EA1E31F8420090579B /* Project object */;
			proxyType = 1;
			remoteGlobalIDString = 18B687F11E31F8420090579B;
			remoteInfo = JKXMLParser;
		};
		18B688171E31F8430090579B /* PBXContainerItemProxy */ = {
			isa = PBXContainerItemProxy;
			containerPortal = 18B687EA1E31F8420090579B /* Project object */;
			proxyType = 1;
			remoteGlobalIDString = 18B687F11E31F8420090579B;
			remoteInfo = JKXMLParser;
		};
/* End PBXContainerItemProxy section */

/* Begin PBXFileReference section */
		18B687F21E31F8420090579B /* JKXMLParser.app */ = {isa = PBXFileReference; explicitFileType = wrapper.application; includeInIndex = 0; path = JKXMLParser.app; sourceTree = BUILT_PRODUCTS_DIR; };
		18B687F61E31F8420090579B /* main.m */ = {isa = PBXFileReference; lastKnownFileType = sourcecode.c.objc; path = main.m; sourceTree = "<group>"; };
		18B687F81E31F8420090579B /* AppDelegate.h */ = {isa = PBXFileReference; lastKnownFileType = sourcecode.c.h; path = AppDelegate.h; sourceTree = "<group>"; };
		18B687F91E31F8420090579B /* AppDelegate.m */ = {isa = PBXFileReference; lastKnownFileType = sourcecode.c.objc; path = AppDelegate.m; sourceTree = "<group>"; };
		18B687FB1E31F8430090579B /* ViewController.h */ = {isa = PBXFileReference; lastKnownFileType = sourcecode.c.h; path = ViewController.h; sourceTree = "<group>"; };
		18B687FC1E31F8430090579B /* ViewController.m */ = {isa = PBXFileReference; lastKnownFileType = sourcecode.c.objc; path = ViewController.m; sourceTree = "<group>"; };
		18B687FF1E31F8430090579B /* Base */ = {isa = PBXFileReference; lastKnownFileType = file.storyboard; name = Base; path = Base.lproj/Main.storyboard; sourceTree = "<group>"; };
		18B688011E31F8430090579B /* Assets.xcassets */ = {isa = PBXFileReference; lastKnownFileType = folder.assetcatalog; path = Assets.xcassets; sourceTree = "<group>"; };
		18B688041E31F8430090579B /* Base */ = {isa = PBXFileReference; lastKnownFileType = file.storyboard; name = Base; path = Base.lproj/LaunchScreen.storyboard; sourceTree = "<group>"; };
		18B688061E31F8430090579B /* Info.plist */ = {isa = PBXFileReference; lastKnownFileType = text.plist.xml; path = Info.plist; sourceTree = "<group>"; };
		18B6880B1E31F8430090579B /* JKXMLParserTests.xctest */ = {isa = PBXFileReference; explicitFileType = wrapper.cfbundle; includeInIndex = 0; path = JKXMLParserTests.xctest; sourceTree = BUILT_PRODUCTS_DIR; };
		18B6880F1E31F8430090579B /* JKXMLParserTests.m */ = {isa = PBXFileReference; lastKnownFileType = sourcecode.c.objc; path = JKXMLParserTests.m; sourceTree = "<group>"; };
		18B688111E31F8430090579B /* Info.plist */ = {isa = PBXFileReference; lastKnownFileType = text.plist.xml; path = Info.plist; sourceTree = "<group>"; };
		18B688161E31F8430090579B /* JKXMLParserUITests.xctest */ = {isa = PBXFileReference; explicitFileType = wrapper.cfbundle; includeInIndex = 0; path = JKXMLParserUITests.xctest; sourceTree = BUILT_PRODUCTS_DIR; };
		18B6881A1E31F8430090579B /* JKXMLParserUITests.m */ = {isa = PBXFileReference; lastKnownFileType = sourcecode.c.objc; path = JKXMLParserUITests.m; sourceTree = "<group>"; };
		18B6881C1E31F8430090579B /* Info.plist */ = {isa = PBXFileReference; lastKnownFileType = text.plist.xml; path = Info.plist; sourceTree = "<group>"; };
		18B688291E31F8880090579B /* area_data.xml */ = {isa = PBXFileReference; fileEncoding = 4; lastKnownFileType = text.xml; path = area_data.xml; sourceTree = "<group>"; };
		18B6882A1E31F8880090579B /* JKAddressList.h */ = {isa = PBXFileReference; fileEncoding = 4; lastKnownFileType = sourcecode.c.h; path = JKAddressList.h; sourceTree = "<group>"; };
		18B6882B1E31F8880090579B /* JKAddressList.m */ = {isa = PBXFileReference; fileEncoding = 4; lastKnownFileType = sourcecode.c.objc; path = JKAddressList.m; sourceTree = "<group>"; };
		18B6882C1E31F8880090579B /* JKAddressPickerView.h */ = {isa = PBXFileReference; fileEncoding = 4; lastKnownFileType = sourcecode.c.h; path = JKAddressPickerView.h; sourceTree = "<group>"; };
		18B6882D1E31F8880090579B /* JKAddressPickerView.m */ = {isa = PBXFileReference; fileEncoding = 4; lastKnownFileType = sourcecode.c.objc; path = JKAddressPickerView.m; sourceTree = "<group>"; };
		18B6882E1E31F8880090579B /* JKAnalyzingXml.h */ = {isa = PBXFileReference; fileEncoding = 4; lastKnownFileType = sourcecode.c.h; path = JKAnalyzingXml.h; sourceTree = "<group>"; };
		18B6882F1E31F8880090579B /* JKAnalyzingXml.m */ = {isa = PBXFileReference; fileEncoding = 4; lastKnownFileType = sourcecode.c.objc; path = JKAnalyzingXml.m; sourceTree = "<group>"; };
		18B688311E31F8880090579B /* MJExtension.h */ = {isa = PBXFileReference; fileEncoding = 4; lastKnownFileType = sourcecode.c.h; path = MJExtension.h; sourceTree = "<group>"; };
		18B688321E31F8880090579B /* MJExtensionConst.h */ = {isa = PBXFileReference; fileEncoding = 4; lastKnownFileType = sourcecode.c.h; path = MJExtensionConst.h; sourceTree = "<group>"; };
		18B688331E31F8880090579B /* MJExtensionConst.m */ = {isa = PBXFileReference; fileEncoding = 4; lastKnownFileType = sourcecode.c.objc; path = MJExtensionConst.m; sourceTree = "<group>"; };
		18B688341E31F8880090579B /* MJFoundation.h */ = {isa = PBXFileReference; fileEncoding = 4; lastKnownFileType = sourcecode.c.h; path = MJFoundation.h; sourceTree = "<group>"; };
		18B688351E31F8880090579B /* MJFoundation.m */ = {isa = PBXFileReference; fileEncoding = 4; lastKnownFileType = sourcecode.c.objc; path = MJFoundation.m; sourceTree = "<group>"; };
		18B688361E31F8880090579B /* MJProperty.h */ = {isa = PBXFileReference; fileEncoding = 4; lastKnownFileType = sourcecode.c.h; path = MJProperty.h; sourceTree = "<group>"; };
		18B688371E31F8880090579B /* MJProperty.m */ = {isa = PBXFileReference; fileEncoding = 4; lastKnownFileType = sourcecode.c.objc; path = MJProperty.m; sourceTree = "<group>"; };
		18B688381E31F8880090579B /* MJPropertyKey.h */ = {isa = PBXFileReference; fileEncoding = 4; lastKnownFileType = sourcecode.c.h; path = MJPropertyKey.h; sourceTree = "<group>"; };
		18B688391E31F8880090579B /* MJPropertyKey.m */ = {isa = PBXFileReference; fileEncoding = 4; lastKnownFileType = sourcecode.c.objc; path = MJPropertyKey.m; sourceTree = "<group>"; };
		18B6883A1E31F8880090579B /* MJPropertyType.h */ = {isa = PBXFileReference; fileEncoding = 4; lastKnownFileType = sourcecode.c.h; path = MJPropertyType.h; sourceTree = "<group>"; };
		18B6883B1E31F8880090579B /* MJPropertyType.m */ = {isa = PBXFileReference; fileEncoding = 4; lastKnownFileType = sourcecode.c.objc; path = MJPropertyType.m; sourceTree = "<group>"; };
		18B6883C1E31F8880090579B /* NSObject+MJClass.h */ = {isa = PBXFileReference; fileEncoding = 4; lastKnownFileType = sourcecode.c.h; path = "NSObject+MJClass.h"; sourceTree = "<group>"; };
		18B6883D1E31F8880090579B /* NSObject+MJClass.m */ = {isa = PBXFileReference; fileEncoding = 4; lastKnownFileType = sourcecode.c.objc; path = "NSObject+MJClass.m"; sourceTree = "<group>"; };
		18B6883E1E31F8880090579B /* NSObject+MJCoding.h */ = {isa = PBXFileReference; fileEncoding = 4; lastKnownFileType = sourcecode.c.h; path = "NSObject+MJCoding.h"; sourceTree = "<group>"; };
		18B6883F1E31F8880090579B /* NSObject+MJCoding.m */ = {isa = PBXFileReference; fileEncoding = 4; lastKnownFileType = sourcecode.c.objc; path = "NSObject+MJCoding.m"; sourceTree = "<group>"; };
		18B688401E31F8880090579B /* NSObject+MJKeyValue.h */ = {isa = PBXFileReference; fileEncoding = 4; lastKnownFileType = sourcecode.c.h; path = "NSObject+MJKeyValue.h"; sourceTree = "<group>"; };
		18B688411E31F8880090579B /* NSObject+MJKeyValue.m */ = {isa = PBXFileReference; fileEncoding = 4; lastKnownFileType = sourcecode.c.objc; path = "NSObject+MJKeyValue.m"; sourceTree = "<group>"; };
		18B688421E31F8880090579B /* NSObject+MJProperty.h */ = {isa = PBXFileReference; fileEncoding = 4; lastKnownFileType = sourcecode.c.h; path = "NSObject+MJProperty.h"; sourceTree = "<group>"; };
		18B688431E31F8880090579B /* NSObject+MJProperty.m */ = {isa = PBXFileReference; fileEncoding = 4; lastKnownFileType = sourcecode.c.objc; path = "NSObject+MJProperty.m"; sourceTree = "<group>"; };
		18B688441E31F8880090579B /* NSString+MJExtension.h */ = {isa = PBXFileReference; fileEncoding = 4; lastKnownFileType = sourcecode.c.h; path = "NSString+MJExtension.h"; sourceTree = "<group>"; };
		18B688451E31F8880090579B /* NSString+MJExtension.m */ = {isa = PBXFileReference; fileEncoding = 4; lastKnownFileType = sourcecode.c.objc; path = "NSString+MJExtension.m"; sourceTree = "<group>"; };
/* End PBXFileReference section */

/* Begin PBXFrameworksBuildPhase section */
		18B687EF1E31F8420090579B /* Frameworks */ = {
			isa = PBXFrameworksBuildPhase;
			buildActionMask = 2147483647;
			files = (
			);
			runOnlyForDeploymentPostprocessing = 0;
		};
		18B688081E31F8430090579B /* Frameworks */ = {
			isa = PBXFrameworksBuildPhase;
			buildActionMask = 2147483647;
			files = (
			);
			runOnlyForDeploymentPostprocessing = 0;
		};
		18B688131E31F8430090579B /* Frameworks */ = {
			isa = PBXFrameworksBuildPhase;
			buildActionMask = 2147483647;
			files = (
			);
			runOnlyForDeploymentPostprocessing = 0;
		};
/* End PBXFrameworksBuildPhase section */

/* Begin PBXGroup section */
		18B687E91E31F8420090579B = {
			isa = PBXGroup;
			children = (
				18B687F41E31F8420090579B /* JKXMLParser */,
				18B6880E1E31F8430090579B /* JKXMLParserTests */,
				18B688191E31F8430090579B /* JKXMLParserUITests */,
				18B687F31E31F8420090579B /* Products */,
			);
			sourceTree = "<group>";
		};
		18B687F31E31F8420090579B /* Products */ = {
			isa = PBXGroup;
			children = (
				18B687F21E31F8420090579B /* JKXMLParser.app */,
				18B6880B1E31F8430090579B /* JKXMLParserTests.xctest */,
				18B688161E31F8430090579B /* JKXMLParserUITests.xctest */,
			);
			name = Products;
			sourceTree = "<group>";
		};
		18B687F41E31F8420090579B /* JKXMLParser */ = {
			isa = PBXGroup;
			children = (
				18B688281E31F8880090579B /* JKAddressPickerView */,
				18B688301E31F8880090579B /* MJExtension */,
				18B687F81E31F8420090579B /* AppDelegate.h */,
				18B687F91E31F8420090579B /* AppDelegate.m */,
				18B687FB1E31F8430090579B /* ViewController.h */,
				18B687FC1E31F8430090579B /* ViewController.m */,
				18B687FE1E31F8430090579B /* Main.storyboard */,
				18B688011E31F8430090579B /* Assets.xcassets */,
				18B688031E31F8430090579B /* LaunchScreen.storyboard */,
				18B688061E31F8430090579B /* Info.plist */,
				18B687F51E31F8420090579B /* Supporting Files */,
			);
			path = JKXMLParser;
			sourceTree = "<group>";
		};
		18B687F51E31F8420090579B /* Supporting Files */ = {
			isa = PBXGroup;
			children = (
				18B687F61E31F8420090579B /* main.m */,
			);
			name = "Supporting Files";
			sourceTree = "<group>";
		};
		18B6880E1E31F8430090579B /* JKXMLParserTests */ = {
			isa = PBXGroup;
			children = (
				18B6880F1E31F8430090579B /* JKXMLParserTests.m */,
				18B688111E31F8430090579B /* Info.plist */,
			);
			path = JKXMLParserTests;
			sourceTree = "<group>";
		};
		18B688191E31F8430090579B /* JKXMLParserUITests */ = {
			isa = PBXGroup;
			children = (
				18B6881A1E31F8430090579B /* JKXMLParserUITests.m */,
				18B6881C1E31F8430090579B /* Info.plist */,
			);
			path = JKXMLParserUITests;
			sourceTree = "<group>";
		};
		18B688281E31F8880090579B /* JKAddressPickerView */ = {
			isa = PBXGroup;
			children = (
				18B688291E31F8880090579B /* area_data.xml */,
				18B6882A1E31F8880090579B /* JKAddressList.h */,
				18B6882B1E31F8880090579B /* JKAddressList.m */,
				18B6882C1E31F8880090579B /* JKAddressPickerView.h */,
				18B6882D1E31F8880090579B /* JKAddressPickerView.m */,
				18B6882E1E31F8880090579B /* JKAnalyzingXml.h */,
				18B6882F1E31F8880090579B /* JKAnalyzingXml.m */,
			);
			path = JKAddressPickerView;
			sourceTree = "<group>";
		};
		18B688301E31F8880090579B /* MJExtension */ = {
			isa = PBXGroup;
			children = (
				18B688311E31F8880090579B /* MJExtension.h */,
				18B688321E31F8880090579B /* MJExtensionConst.h */,
				18B688331E31F8880090579B /* MJExtensionConst.m */,
				18B688341E31F8880090579B /* MJFoundation.h */,
				18B688351E31F8880090579B /* MJFoundation.m */,
				18B688361E31F8880090579B /* MJProperty.h */,
				18B688371E31F8880090579B /* MJProperty.m */,
				18B688381E31F8880090579B /* MJPropertyKey.h */,
				18B688391E31F8880090579B /* MJPropertyKey.m */,
				18B6883A1E31F8880090579B /* MJPropertyType.h */,
				18B6883B1E31F8880090579B /* MJPropertyType.m */,
				18B6883C1E31F8880090579B /* NSObject+MJClass.h */,
				18B6883D1E31F8880090579B /* NSObject+MJClass.m */,
				18B6883E1E31F8880090579B /* NSObject+MJCoding.h */,
				18B6883F1E31F8880090579B /* NSObject+MJCoding.m */,
				18B688401E31F8880090579B /* NSObject+MJKeyValue.h */,
				18B688411E31F8880090579B /* NSObject+MJKeyValue.m */,
				18B688421E31F8880090579B /* NSObject+MJProperty.h */,
				18B688431E31F8880090579B /* NSObject+MJProperty.m */,
				18B688441E31F8880090579B /* NSString+MJExtension.h */,
				18B688451E31F8880090579B /* NSString+MJExtension.m */,
			);
			path = MJExtension;
			sourceTree = "<group>";
		};
/* End PBXGroup section */

/* Begin PBXNativeTarget section */
		18B687F11E31F8420090579B /* JKXMLParser */ = {
			isa = PBXNativeTarget;
			buildConfigurationList = 18B6881F1E31F8430090579B /* Build configuration list for PBXNativeTarget "JKXMLParser" */;
			buildPhases = (
				18B687EE1E31F8420090579B /* Sources */,
				18B687EF1E31F8420090579B /* Frameworks */,
				18B687F01E31F8420090579B /* Resources */,
			);
			buildRules = (
			);
			dependencies = (
			);
			name = JKXMLParser;
			productName = JKXMLParser;
			productReference = 18B687F21E31F8420090579B /* JKXMLParser.app */;
			productType = "com.apple.product-type.application";
		};
		18B6880A1E31F8430090579B /* JKXMLParserTests */ = {
			isa = PBXNativeTarget;
			buildConfigurationList = 18B688221E31F8430090579B /* Build configuration list for PBXNativeTarget "JKXMLParserTests" */;
			buildPhases = (
				18B688071E31F8430090579B /* Sources */,
				18B688081E31F8430090579B /* Frameworks */,
				18B688091E31F8430090579B /* Resources */,
			);
			buildRules = (
			);
			dependencies = (
				18B6880D1E31F8430090579B /* PBXTargetDependency */,
			);
			name = JKXMLParserTests;
			productName = JKXMLParserTests;
			productReference = 18B6880B1E31F8430090579B /* JKXMLParserTests.xctest */;
			productType = "com.apple.product-type.bundle.unit-test";
		};
		18B688151E31F8430090579B /* JKXMLParserUITests */ = {
			isa = PBXNativeTarget;
			buildConfigurationList = 18B688251E31F8430090579B /* Build configuration list for PBXNativeTarget "JKXMLParserUITests" */;
			buildPhases = (
				18B688121E31F8430090579B /* Sources */,
				18B688131E31F8430090579B /* Frameworks */,
				18B688141E31F8430090579B /* Resources */,
			);
			buildRules = (
			);
			dependencies = (
				18B688181E31F8430090579B /* PBXTargetDependency */,
			);
			name = JKXMLParserUITests;
			productName = JKXMLParserUITests;
			productReference = 18B688161E31F8430090579B /* JKXMLParserUITests.xctest */;
			productType = "com.apple.product-type.bundle.ui-testing";
		};
/* End PBXNativeTarget section */

/* Begin PBXProject section */
		18B687EA1E31F8420090579B /* Project object */ = {
			isa = PBXProject;
			attributes = {
				LastUpgradeCheck = 0820;
				ORGANIZATIONNAME = jerky;
				TargetAttributes = {
					18B687F11E31F8420090579B = {
						CreatedOnToolsVersion = 8.2.1;
						DevelopmentTeam = 5K9S6K56M3;
						ProvisioningStyle = Automatic;
					};
					18B6880A1E31F8430090579B = {
						CreatedOnToolsVersion = 8.2.1;
						DevelopmentTeam = 5K9S6K56M3;
						ProvisioningStyle = Automatic;
						TestTargetID = 18B687F11E31F8420090579B;
					};
					18B688151E31F8430090579B = {
						CreatedOnToolsVersion = 8.2.1;
						DevelopmentTeam = 5K9S6K56M3;
						ProvisioningStyle = Automatic;
						TestTargetID = 18B687F11E31F8420090579B;
					};
				};
			};
			buildConfigurationList = 18B687ED1E31F8420090579B /* Build configuration list for PBXProject "JKXMLParser" */;
			compatibilityVersion = "Xcode 3.2";
			developmentRegion = English;
			hasScannedForEncodings = 0;
			knownRegions = (
				en,
				Base,
			);
			mainGroup = 18B687E91E31F8420090579B;
			productRefGroup = 18B687F31E31F8420090579B /* Products */;
			projectDirPath = "";
			projectRoot = "";
			targets = (
				18B687F11E31F8420090579B /* JKXMLParser */,
				18B6880A1E31F8430090579B /* JKXMLParserTests */,
				18B688151E31F8430090579B /* JKXMLParserUITests */,
			);
		};
/* End PBXProject section */

/* Begin PBXResourcesBuildPhase section */
		18B687F01E31F8420090579B /* Resources */ = {
			isa = PBXResourcesBuildPhase;
			buildActionMask = 2147483647;
			files = (
				18B688051E31F8430090579B /* LaunchScreen.storyboard in Resources */,
				18B688021E31F8430090579B /* Assets.xcassets in Resources */,
				18B688461E31F8880090579B /* area_data.xml in Resources */,
				18B688001E31F8430090579B /* Main.storyboard in Resources */,
			);
			runOnlyForDeploymentPostprocessing = 0;
		};
		18B688091E31F8430090579B /* Resources */ = {
			isa = PBXResourcesBuildPhase;
			buildActionMask = 2147483647;
			files = (
			);
			runOnlyForDeploymentPostprocessing = 0;
		};
		18B688141E31F8430090579B /* Resources */ = {
			isa = PBXResourcesBuildPhase;
			buildActionMask = 2147483647;
			files = (
			);
			runOnlyForDeploymentPostprocessing = 0;
		};
/* End PBXResourcesBuildPhase section */

/* Begin PBXSourcesBuildPhase section */
		18B687EE1E31F8420090579B /* Sources */ = {
			isa = PBXSourcesBuildPhase;
			buildActionMask = 2147483647;
			files = (
				18B687FD1E31F8430090579B /* ViewController.m in Sources */,
				18B688481E31F8880090579B /* JKAddressPickerView.m in Sources */,
				18B6884A1E31F8880090579B /* MJExtensionConst.m in Sources */,
				18B688471E31F8880090579B /* JKAddressList.m in Sources */,
				18B6884C1E31F8880090579B /* MJProperty.m in Sources */,
				18B6884E1E31F8880090579B /* MJPropertyType.m in Sources */,
				18B687FA1E31F8420090579B /* AppDelegate.m in Sources */,
				18B688521E31F8880090579B /* NSObject+MJProperty.m in Sources */,
				18B688531E31F8880090579B /* NSString+MJExtension.m in Sources */,
				18B688501E31F8880090579B /* NSObject+MJCoding.m in Sources */,
				18B688491E31F8880090579B /* JKAnalyzingXml.m in Sources */,
				18B6884D1E31F8880090579B /* MJPropertyKey.m in Sources */,
				18B688511E31F8880090579B /* NSObject+MJKeyValue.m in Sources */,
				18B6884F1E31F8880090579B /* NSObject+MJClass.m in Sources */,
				18B687F71E31F8420090579B /* main.m in Sources */,
				18B6884B1E31F8880090579B /* MJFoundation.m in Sources */,
			);
			runOnlyForDeploymentPostprocessing = 0;
		};
		18B688071E31F8430090579B /* Sources */ = {
			isa = PBXSourcesBuildPhase;
			buildActionMask = 2147483647;
			files = (
				18B688101E31F8430090579B /* JKXMLParserTests.m in Sources */,
			);
			runOnlyForDeploymentPostprocessing = 0;
		};
		18B688121E31F8430090579B /* Sources */ = {
			isa = PBXSourcesBuildPhase;
			buildActionMask = 2147483647;
			files = (
				18B6881B1E31F8430090579B /* JKXMLParserUITests.m in Sources */,
			);
			runOnlyForDeploymentPostprocessing = 0;
		};
/* End PBXSourcesBuildPhase section */

/* Begin PBXTargetDependency section */
		18B6880D1E31F8430090579B /* PBXTargetDependency */ = {
			isa = PBXTargetDependency;
			target = 18B687F11E31F8420090579B /* JKXMLParser */;
			targetProxy = 18B6880C1E31F8430090579B /* PBXContainerItemProxy */;
		};
		18B688181E31F8430090579B /* PBXTargetDependency */ = {
			isa = PBXTargetDependency;
			target = 18B687F11E31F8420090579B /* JKXMLParser */;
			targetProxy = 18B688171E31F8430090579B /* PBXContainerItemProxy */;
		};
/* End PBXTargetDependency section */

/* Begin PBXVariantGroup section */
		18B687FE1E31F8430090579B /* Main.storyboard */ = {
			isa = PBXVariantGroup;
			children = (
				18B687FF1E31F8430090579B /* Base */,
			);
			name = Main.storyboard;
			sourceTree = "<group>";
		};
		18B688031E31F8430090579B /* LaunchScreen.storyboard */ = {
			isa = PBXVariantGroup;
			children = (
				18B688041E31F8430090579B /* Base */,
			);
			name = LaunchScreen.storyboard;
			sourceTree = "<group>";
		};
/* End PBXVariantGroup section */

/* Begin XCBuildConfiguration section */
		18B6881D1E31F8430090579B /* Debug */ = {
			isa = XCBuildConfiguration;
			buildSettings = {
				ALWAYS_SEARCH_USER_PATHS = NO;
				CLANG_ANALYZER_NONNULL = YES;
				CLANG_CXX_LANGUAGE_STANDARD = "gnu++0x";
				CLANG_CXX_LIBRARY = "libc++";
				CLANG_ENABLE_MODULES = YES;
				CLANG_ENABLE_OBJC_ARC = YES;
				CLANG_WARN_BOOL_CONVERSION = YES;
				CLANG_WARN_CONSTANT_CONVERSION = YES;
				CLANG_WARN_DIRECT_OBJC_ISA_USAGE = YES_ERROR;
				CLANG_WARN_DOCUMENTATION_COMMENTS = YES;
				CLANG_WARN_EMPTY_BODY = YES;
				CLANG_WARN_ENUM_CONVERSION = YES;
				CLANG_WARN_INFINITE_RECURSION = YES;
				CLANG_WARN_INT_CONVERSION = YES;
				CLANG_WARN_OBJC_ROOT_CLASS = YES_ERROR;
				CLANG_WARN_SUSPICIOUS_MOVE = YES;
				CLANG_WARN_UNREACHABLE_CODE = YES;
				CLANG_WARN__DUPLICATE_METHOD_MATCH = YES;
				"CODE_SIGN_IDENTITY[sdk=iphoneos*]" = "iPhone Developer";
				COPY_PHASE_STRIP = NO;
				DEBUG_INFORMATION_FORMAT = dwarf;
				ENABLE_STRICT_OBJC_MSGSEND = YES;
				ENABLE_TESTABILITY = YES;
				GCC_C_LANGUAGE_STANDARD = gnu99;
				GCC_DYNAMIC_NO_PIC = NO;
				GCC_NO_COMMON_BLOCKS = YES;
				GCC_OPTIMIZATION_LEVEL = 0;
				GCC_PREPROCESSOR_DEFINITIONS = (
					"DEBUG=1",
					"$(inherited)",
				);
				GCC_WARN_64_TO_32_BIT_CONVERSION = YES;
				GCC_WARN_ABOUT_RETURN_TYPE = YES_ERROR;
				GCC_WARN_UNDECLARED_SELECTOR = YES;
				GCC_WARN_UNINITIALIZED_AUTOS = YES_AGGRESSIVE;
				GCC_WARN_UNUSED_FUNCTION = YES;
				GCC_WARN_UNUSED_VARIABLE = YES;
				IPHONEOS_DEPLOYMENT_TARGET = 10.2;
				MTL_ENABLE_DEBUG_INFO = YES;
				ONLY_ACTIVE_ARCH = YES;
				SDKROOT = iphoneos;
			};
			name = Debug;
		};
		18B6881E1E31F8430090579B /* Release */ = {
			isa = XCBuildConfiguration;
			buildSettings = {
				ALWAYS_SEARCH_USER_PATHS = NO;
				CLANG_ANALYZER_NONNULL = YES;
				CLANG_CXX_LANGUAGE_STANDARD = "gnu++0x";
				CLANG_CXX_LIBRARY = "libc++";
				CLANG_ENABLE_MODULES = YES;
				CLANG_ENABLE_OBJC_ARC = YES;
				CLANG_WARN_BOOL_CONVERSION = YES;
				CLANG_WARN_CONSTANT_CONVERSION = YES;
				CLANG_WARN_DIRECT_OBJC_ISA_USAGE = YES_ERROR;
				CLANG_WARN_DOCUMENTATION_COMMENTS = YES;
				CLANG_WARN_EMPTY_BODY = YES;
				CLANG_WARN_ENUM_CONVERSION = YES;
				CLANG_WARN_INFINITE_RECURSION = YES;
				CLANG_WARN_INT_CONVERSION = YES;
				CLANG_WARN_OBJC_ROOT_CLASS = YES_ERROR;
				CLANG_WARN_SUSPICIOUS_MOVE = YES;
				CLANG_WARN_UNREACHABLE_CODE = YES;
				CLANG_WARN__DUPLICATE_METHOD_MATCH = YES;
				"CODE_SIGN_IDENTITY[sdk=iphoneos*]" = "iPhone Developer";
				COPY_PHASE_STRIP = NO;
				DEBUG_INFORMATION_FORMAT = "dwarf-with-dsym";
				ENABLE_NS_ASSERTIONS = NO;
				ENABLE_STRICT_OBJC_MSGSEND = YES;
				GCC_C_LANGUAGE_STANDARD = gnu99;
				GCC_NO_COMMON_BLOCKS = YES;
				GCC_WARN_64_TO_32_BIT_CONVERSION = YES;
				GCC_WARN_ABOUT_RETURN_TYPE = YES_ERROR;
				GCC_WARN_UNDECLARED_SELECTOR = YES;
				GCC_WARN_UNINITIALIZED_AUTOS = YES_AGGRESSIVE;
				GCC_WARN_UNUSED_FUNCTION = YES;
				GCC_WARN_UNUSED_VARIABLE = YES;
				IPHONEOS_DEPLOYMENT_TARGET = 10.2;
				MTL_ENABLE_DEBUG_INFO = NO;
				SDKROOT = iphoneos;
				VALIDATE_PRODUCT = YES;
			};
			name = Release;
		};
		18B688201E31F8430090579B /* Debug */ = {
			isa = XCBuildConfiguration;
			buildSettings = {
				ASSETCATALOG_COMPILER_APPICON_NAME = AppIcon;
				DEVELOPMENT_TEAM = 5K9S6K56M3;
				INFOPLIST_FILE = JKXMLParser/Info.plist;
				IPHONEOS_DEPLOYMENT_TARGET = 8.0;
				LD_RUNPATH_SEARCH_PATHS = "$(inherited) @executable_path/Frameworks";
				PRODUCT_BUNDLE_IDENTIFIER = guo.JKXMLParser;
				PRODUCT_NAME = "$(TARGET_NAME)";
			};
			name = Debug;
		};
		18B688211E31F8430090579B /* Release */ = {
			isa = XCBuildConfiguration;
			buildSettings = {
				ASSETCATALOG_COMPILER_APPICON_NAME = AppIcon;
				DEVELOPMENT_TEAM = 5K9S6K56M3;
				INFOPLIST_FILE = JKXMLParser/Info.plist;
				IPHONEOS_DEPLOYMENT_TARGET = 8.0;
				LD_RUNPATH_SEARCH_PATHS = "$(inherited) @executable_path/Frameworks";
				PRODUCT_BUNDLE_IDENTIFIER = guo.JKXMLParser;
				PRODUCT_NAME = "$(TARGET_NAME)";
			};
			name = Release;
		};
		18B688231E31F8430090579B /* Debug */ = {
			isa = XCBuildConfiguration;
			buildSettings = {
				BUNDLE_LOADER = "$(TEST_HOST)";
				DEVELOPMENT_TEAM = 5K9S6K56M3;
				INFOPLIST_FILE = JKXMLParserTests/Info.plist;
				LD_RUNPATH_SEARCH_PATHS = "$(inherited) @executable_path/Frameworks @loader_path/Frameworks";
				PRODUCT_BUNDLE_IDENTIFIER = guo.JKXMLParserTests;
				PRODUCT_NAME = "$(TARGET_NAME)";
				TEST_HOST = "$(BUILT_PRODUCTS_DIR)/JKXMLParser.app/JKXMLParser";
			};
			name = Debug;
		};
		18B688241E31F8430090579B /* Release */ = {
			isa = XCBuildConfiguration;
			buildSettings = {
				BUNDLE_LOADER = "$(TEST_HOST)";
				DEVELOPMENT_TEAM = 5K9S6K56M3;
				INFOPLIST_FILE = JKXMLParserTests/Info.plist;
				LD_RUNPATH_SEARCH_PATHS = "$(inherited) @executable_path/Frameworks @loader_path/Frameworks";
				PRODUCT_BUNDLE_IDENTIFIER = guo.JKXMLParserTests;
				PRODUCT_NAME = "$(TARGET_NAME)";
				TEST_HOST = "$(BUILT_PRODUCTS_DIR)/JKXMLParser.app/JKXMLParser";
			};
			name = Release;
		};
		18B688261E31F8430090579B /* Debug */ = {
			isa = XCBuildConfiguration;
			buildSettings = {
				DEVELOPMENT_TEAM = 5K9S6K56M3;
				INFOPLIST_FILE = JKXMLParserUITests/Info.plist;
				LD_RUNPATH_SEARCH_PATHS = "$(inherited) @executable_path/Frameworks @loader_path/Frameworks";
				PRODUCT_BUNDLE_IDENTIFIER = guo.JKXMLParserUITests;
				PRODUCT_NAME = "$(TARGET_NAME)";
				TEST_TARGET_NAME = JKXMLParser;
			};
			name = Debug;
		};
		18B688271E31F8430090579B /* Release */ = {
			isa = XCBuildConfiguration;
			buildSettings = {
				DEVELOPMENT_TEAM = 5K9S6K56M3;
				INFOPLIST_FILE = JKXMLParserUITests/Info.plist;
				LD_RUNPATH_SEARCH_PATHS = "$(inherited) @executable_path/Frameworks @loader_path/Frameworks";
				PRODUCT_BUNDLE_IDENTIFIER = guo.JKXMLParserUITests;
				PRODUCT_NAME = "$(TARGET_NAME)";
				TEST_TARGET_NAME = JKXMLParser;
			};
			name = Release;
		};
/* End XCBuildConfiguration section */

/* Begin XCConfigurationList section */
		18B687ED1E31F8420090579B /* Build configuration list for PBXProject "JKXMLParser" */ = {
			isa = XCConfigurationList;
			buildConfigurations = (
				18B6881D1E31F8430090579B /* Debug */,
				18B6881E1E31F8430090579B /* Release */,
			);
			defaultConfigurationIsVisible = 0;
			defaultConfigurationName = Release;
		};
		18B6881F1E31F8430090579B /* Build configuration list for PBXNativeTarget "JKXMLParser" */ = {
			isa = XCConfigurationList;
			buildConfigurations = (
				18B688201E31F8430090579B /* Debug */,
				18B688211E31F8430090579B /* Release */,
			);
			defaultConfigurationIsVisible = 0;
		};
		18B688221E31F8430090579B /* Build configuration list for PBXNativeTarget "JKXMLParserTests" */ = {
			isa = XCConfigurationList;
			buildConfigurations = (
				18B688231E31F8430090579B /* Debug */,
				18B688241E31F8430090579B /* Release */,
			);
			defaultConfigurationIsVisible = 0;
		};
		18B688251E31F8430090579B /* Build configuration list for PBXNativeTarget "JKXMLParserUITests" */ = {
			isa = XCConfigurationList;
			buildConfigurations = (
				18B688261E31F8430090579B /* Debug */,
				18B688271E31F8430090579B /* Release */,
			);
			defaultConfigurationIsVisible = 0;
		};
/* End XCConfigurationList section */
	};
	rootObject = 18B687EA1E31F8420090579B /* Project object */;
}
